// !$*UTF8*$!
{
	archiveVersion = 1;
	classes = {
	};
	objectVersion = 51;
	objects = {

/* Begin PBXBuildFile section */
		0D683D31E74FD8F6AC917D7C /* Pods_FirebaseUserTest.framework in Frameworks */ = {isa = PBXBuildFile; fileRef = 9B1C20D330BA80F7C52956A6 /* Pods_FirebaseUserTest.framework */; };
		2256D92D26280CB100D1932B /* AppDelegate.swift in Sources */ = {isa = PBXBuildFile; fileRef = 2256D92C26280CB100D1932B /* AppDelegate.swift */; };
		2256D92F26280CB100D1932B /* SceneDelegate.swift in Sources */ = {isa = PBXBuildFile; fileRef = 2256D92E26280CB100D1932B /* SceneDelegate.swift */; };
		2256D93126280CB100D1932B /* ViewController.swift in Sources */ = {isa = PBXBuildFile; fileRef = 2256D93026280CB100D1932B /* ViewController.swift */; };
		2256D93426280CB100D1932B /* Main.storyboard in Resources */ = {isa = PBXBuildFile; fileRef = 2256D93226280CB100D1932B /* Main.storyboard */; };
		2256D93626280CB500D1932B /* Assets.xcassets in Resources */ = {isa = PBXBuildFile; fileRef = 2256D93526280CB500D1932B /* Assets.xcassets */; };
		2256D93926280CB500D1932B /* LaunchScreen.storyboard in Resources */ = {isa = PBXBuildFile; fileRef = 2256D93726280CB500D1932B /* LaunchScreen.storyboard */; };
		2256D941262815B400D1932B /* GoogleService-Info.plist in Resources */ = {isa = PBXBuildFile; fileRef = 2256D940262815B400D1932B /* GoogleService-Info.plist */; };
		22B221342629920E00380B8E /* SignInSelectionVC.swift in Sources */ = {isa = PBXBuildFile; fileRef = 22B221332629920E00380B8E /* SignInSelectionVC.swift */; };
		22B221362629ABAB00380B8E /* GoogleService-Info-2.plist in Resources */ = {isa = PBXBuildFile; fileRef = 22B221352629ABAB00380B8E /* GoogleService-Info-2.plist */; };
/* End PBXBuildFile section */

/* Begin PBXFileReference section */
		03432071120ABCC5DCB37DAF /* Pods-FirebaseUserTest.debug.xcconfig */ = {isa = PBXFileReference; includeInIndex = 1; lastKnownFileType = text.xcconfig; name = "Pods-FirebaseUserTest.debug.xcconfig"; path = "Target Support Files/Pods-FirebaseUserTest/Pods-FirebaseUserTest.debug.xcconfig"; sourceTree = "<group>"; };
		2256D92926280CB100D1932B /* FirebaseUserTest.app */ = {isa = PBXFileReference; explicitFileType = wrapper.application; includeInIndex = 0; path = FirebaseUserTest.app; sourceTree = BUILT_PRODUCTS_DIR; };
		2256D92C26280CB100D1932B /* AppDelegate.swift */ = {isa = PBXFileReference; lastKnownFileType = sourcecode.swift; path = AppDelegate.swift; sourceTree = "<group>"; };
		2256D92E26280CB100D1932B /* SceneDelegate.swift */ = {isa = PBXFileReference; lastKnownFileType = sourcecode.swift; path = SceneDelegate.swift; sourceTree = "<group>"; };
		2256D93026280CB100D1932B /* ViewController.swift */ = {isa = PBXFileReference; lastKnownFileType = sourcecode.swift; path = ViewController.swift; sourceTree = "<group>"; };
		2256D93326280CB100D1932B /* Base */ = {isa = PBXFileReference; lastKnownFileType = file.storyboard; name = Base; path = Base.lproj/Main.storyboard; sourceTree = "<group>"; };
		2256D93526280CB500D1932B /* Assets.xcassets */ = {isa = PBXFileReference; lastKnownFileType = folder.assetcatalog; path = Assets.xcassets; sourceTree = "<group>"; };
		2256D93826280CB500D1932B /* Base */ = {isa = PBXFileReference; lastKnownFileType = file.storyboard; name = Base; path = Base.lproj/LaunchScreen.storyboard; sourceTree = "<group>"; };
		2256D93A26280CB500D1932B /* Info.plist */ = {isa = PBXFileReference; lastKnownFileType = text.plist.xml; path = Info.plist; sourceTree = "<group>"; };
		2256D940262815B400D1932B /* GoogleService-Info.plist */ = {isa = PBXFileReference; fileEncoding = 4; lastKnownFileType = text.plist.xml; path = "GoogleService-Info.plist"; sourceTree = "<group>"; };
		22B221332629920E00380B8E /* SignInSelectionVC.swift */ = {isa = PBXFileReference; lastKnownFileType = sourcecode.swift; path = SignInSelectionVC.swift; sourceTree = "<group>"; };
		22B221352629ABAB00380B8E /* GoogleService-Info-2.plist */ = {isa = PBXFileReference; fileEncoding = 4; lastKnownFileType = text.plist.xml; path = "GoogleService-Info-2.plist"; sourceTree = "<group>"; };
		23321E992EF9E5CC1A635D00 /* Pods-FirebaseUserTest.release.xcconfig */ = {isa = PBXFileReference; includeInIndex = 1; lastKnownFileType = text.xcconfig; name = "Pods-FirebaseUserTest.release.xcconfig"; path = "Target Support Files/Pods-FirebaseUserTest/Pods-FirebaseUserTest.release.xcconfig"; sourceTree = "<group>"; };
		9B1C20D330BA80F7C52956A6 /* Pods_FirebaseUserTest.framework */ = {isa = PBXFileReference; explicitFileType = wrapper.framework; includeInIndex = 0; path = Pods_FirebaseUserTest.framework; sourceTree = BUILT_PRODUCTS_DIR; };
/* End PBXFileReference section */

/* Begin PBXFrameworksBuildPhase section */
		2256D92626280CB000D1932B /* Frameworks */ = {
			isa = PBXFrameworksBuildPhase;
			buildActionMask = 2147483647;
			files = (
				0D683D31E74FD8F6AC917D7C /* Pods_FirebaseUserTest.framework in Frameworks */,
			);
			runOnlyForDeploymentPostprocessing = 0;
		};
/* End PBXFrameworksBuildPhase section */

/* Begin PBXGroup section */
		2256D92026280CB000D1932B = {
			isa = PBXGroup;
			children = (
				2256D92B26280CB100D1932B /* FirebaseUserTest */,
				2256D92A26280CB100D1932B /* Products */,
				68E51F934BA1A777E456A908 /* Pods */,
				D3619AD88A231FDDCD856FBD /* Frameworks */,
			);
			sourceTree = "<group>";
		};
		2256D92A26280CB100D1932B /* Products */ = {
			isa = PBXGroup;
			children = (
				2256D92926280CB100D1932B /* FirebaseUserTest.app */,
			);
			name = Products;
			sourceTree = "<group>";
		};
		2256D92B26280CB100D1932B /* FirebaseUserTest */ = {
			isa = PBXGroup;
			children = (
				22B221352629ABAB00380B8E /* GoogleService-Info-2.plist */,
				22B221332629920E00380B8E /* SignInSelectionVC.swift */,
				2256D92C26280CB100D1932B /* AppDelegate.swift */,
				2256D92E26280CB100D1932B /* SceneDelegate.swift */,
				2256D93026280CB100D1932B /* ViewController.swift */,
				2256D93226280CB100D1932B /* Main.storyboard */,
				2256D93526280CB500D1932B /* Assets.xcassets */,
				2256D93726280CB500D1932B /* LaunchScreen.storyboard */,
				2256D93A26280CB500D1932B /* Info.plist */,
				2256D940262815B400D1932B /* GoogleService-Info.plist */,
			);
			path = FirebaseUserTest;
			sourceTree = "<group>";
		};
		68E51F934BA1A777E456A908 /* Pods */ = {
			isa = PBXGroup;
			children = (
				03432071120ABCC5DCB37DAF /* Pods-FirebaseUserTest.debug.xcconfig */,
				23321E992EF9E5CC1A635D00 /* Pods-FirebaseUserTest.release.xcconfig */,
			);
			path = Pods;
			sourceTree = "<group>";
		};
		D3619AD88A231FDDCD856FBD /* Frameworks */ = {
			isa = PBXGroup;
			children = (
				9B1C20D330BA80F7C52956A6 /* Pods_FirebaseUserTest.framework */,
			);
			name = Frameworks;
			sourceTree = "<group>";
		};
/* End PBXGroup section */

/* Begin PBXNativeTarget section */
		2256D92826280CB000D1932B /* FirebaseUserTest */ = {
			isa = PBXNativeTarget;
			buildConfigurationList = 2256D93D26280CB500D1932B /* Build configuration list for PBXNativeTarget "FirebaseUserTest" */;
			buildPhases = (
				68DA4884BC938B95C553156F /* [CP] Check Pods Manifest.lock */,
				2256D92526280CB000D1932B /* Sources */,
				2256D92626280CB000D1932B /* Frameworks */,
				2256D92726280CB000D1932B /* Resources */,
				AA9BE0CA36A9E86660C4A2E8 /* [CP] Embed Pods Frameworks */,
				DCBC11062FA548DEA147B3D3 /* [CP] Copy Pods Resources */,
			);
			buildRules = (
			);
			dependencies = (
			);
			name = FirebaseUserTest;
			productName = FirebaseUserTest;
			productReference = 2256D92926280CB100D1932B /* FirebaseUserTest.app */;
			productType = "com.apple.product-type.application";
		};
/* End PBXNativeTarget section */

/* Begin PBXProject section */
		2256D92126280CB000D1932B /* Project object */ = {
			isa = PBXProject;
			attributes = {
				LastSwiftUpdateCheck = 1130;
				LastUpgradeCheck = 1130;
				ORGANIZATIONNAME = "Uzair Ahmed";
				TargetAttributes = {
					2256D92826280CB000D1932B = {
						CreatedOnToolsVersion = 11.3.1;
					};
				};
			};
			buildConfigurationList = 2256D92426280CB000D1932B /* Build configuration list for PBXProject "FirebaseUserTest" */;
			compatibilityVersion = "Xcode 9.3";
			developmentRegion = en;
			hasScannedForEncodings = 0;
			knownRegions = (
				en,
				Base,
			);
			mainGroup = 2256D92026280CB000D1932B;
			productRefGroup = 2256D92A26280CB100D1932B /* Products */;
			projectDirPath = "";
			projectRoot = "";
			targets = (
				2256D92826280CB000D1932B /* FirebaseUserTest */,
			);
		};
/* End PBXProject section */

/* Begin PBXResourcesBuildPhase section */
		2256D92726280CB000D1932B /* Resources */ = {
			isa = PBXResourcesBuildPhase;
			buildActionMask = 2147483647;
			files = (
				22B221362629ABAB00380B8E /* GoogleService-Info-2.plist in Resources */,
				2256D93926280CB500D1932B /* LaunchScreen.storyboard in Resources */,
				2256D941262815B400D1932B /* GoogleService-Info.plist in Resources */,
				2256D93626280CB500D1932B /* Assets.xcassets in Resources */,
				2256D93426280CB100D1932B /* Main.storyboard in Resources */,
			);
			runOnlyForDeploymentPostprocessing = 0;
		};
/* End PBXResourcesBuildPhase section */

/* Begin PBXShellScriptBuildPhase section */
		68DA4884BC938B95C553156F /* [CP] Check Pods Manifest.lock */ = {
			isa = PBXShellScriptBuildPhase;
			buildActionMask = 2147483647;
			files = (
			);
			inputFileListPaths = (
			);
			inputPaths = (
				"${PODS_PODFILE_DIR_PATH}/Podfile.lock",
				"${PODS_ROOT}/Manifest.lock",
			);
			name = "[CP] Check Pods Manifest.lock";
			outputFileListPaths = (
			);
			outputPaths = (
				"$(DERIVED_FILE_DIR)/Pods-FirebaseUserTest-checkManifestLockResult.txt",
			);
			runOnlyForDeploymentPostprocessing = 0;
			shellPath = /bin/sh;
			shellScript = "diff \"${PODS_PODFILE_DIR_PATH}/Podfile.lock\" \"${PODS_ROOT}/Manifest.lock\" > /dev/null\nif [ $? != 0 ] ; then\n    # print error to STDERR\n    echo \"error: The sandbox is not in sync with the Podfile.lock. Run 'pod install' or update your CocoaPods installation.\" >&2\n    exit 1\nfi\n# This output is used by Xcode 'outputs' to avoid re-running this script phase.\necho \"SUCCESS\" > \"${SCRIPT_OUTPUT_FILE_0}\"\n";
			showEnvVarsInLog = 0;
		};
		AA9BE0CA36A9E86660C4A2E8 /* [CP] Embed Pods Frameworks */ = {
			isa = PBXShellScriptBuildPhase;
			buildActionMask = 2147483647;
			files = (
			);
			inputFileListPaths = (
				"${PODS_ROOT}/Target Support Files/Pods-FirebaseUserTest/Pods-FirebaseUserTest-frameworks-${CONFIGURATION}-input-files.xcfilelist",
			);
			name = "[CP] Embed Pods Frameworks";
			outputFileListPaths = (
				"${PODS_ROOT}/Target Support Files/Pods-FirebaseUserTest/Pods-FirebaseUserTest-frameworks-${CONFIGURATION}-output-files.xcfilelist",
			);
			runOnlyForDeploymentPostprocessing = 0;
			shellPath = /bin/sh;
			shellScript = "\"${PODS_ROOT}/Target Support Files/Pods-FirebaseUserTest/Pods-FirebaseUserTest-frameworks.sh\"\n";
			showEnvVarsInLog = 0;
		};
		DCBC11062FA548DEA147B3D3 /* [CP] Copy Pods Resources */ = {
			isa = PBXShellScriptBuildPhase;
			buildActionMask = 2147483647;
			files = (
			);
			inputFileListPaths = (
				"${PODS_ROOT}/Target Support Files/Pods-FirebaseUserTest/Pods-FirebaseUserTest-resources-${CONFIGURATION}-input-files.xcfilelist",
			);
			name = "[CP] Copy Pods Resources";
			outputFileListPaths = (
				"${PODS_ROOT}/Target Support Files/Pods-FirebaseUserTest/Pods-FirebaseUserTest-resources-${CONFIGURATION}-output-files.xcfilelist",
			);
			runOnlyForDeploymentPostprocessing = 0;
			shellPath = /bin/sh;
			shellScript = "\"${PODS_ROOT}/Target Support Files/Pods-FirebaseUserTest/Pods-FirebaseUserTest-resources.sh\"\n";
			showEnvVarsInLog = 0;
		};
/* End PBXShellScriptBuildPhase section */

/* Begin PBXSourcesBuildPhase section */
		2256D92526280CB000D1932B /* Sources */ = {
			isa = PBXSourcesBuildPhase;
			buildActionMask = 2147483647;
			files = (
				2256D93126280CB100D1932B /* ViewController.swift in Sources */,
				22B221342629920E00380B8E /* SignInSelectionVC.swift in Sources */,
				2256D92D26280CB100D1932B /* AppDelegate.swift in Sources */,
				2256D92F26280CB100D1932B /* SceneDelegate.swift in Sources */,
			);
			runOnlyForDeploymentPostprocessing = 0;
		};
/* End PBXSourcesBuildPhase section */

/* Begin PBXVariantGroup section */
		2256D93226280CB100D1932B /* Main.storyboard */ = {
			isa = PBXVariantGroup;
			children = (
				2256D93326280CB100D1932B /* Base */,
			);
			name = Main.storyboard;
			sourceTree = "<group>";
		};
		2256D93726280CB500D1932B /* LaunchScreen.storyboard */ = {
			isa = PBXVariantGroup;
			children = (
				2256D93826280CB500D1932B /* Base */,
			);
			name = LaunchScreen.storyboard;
			sourceTree = "<group>";
		};
/* End PBXVariantGroup section */

/* Begin XCBuildConfiguration section */
		2256D93B26280CB500D1932B /* Debug */ = {
			isa = XCBuildConfiguration;
			buildSettings = {
				ALWAYS_SEARCH_USER_PATHS = NO;
				CLANG_ANALYZER_NONNULL = YES;
				CLANG_ANALYZER_NUMBER_OBJECT_CONVERSION = YES_AGGRESSIVE;
				CLANG_CXX_LANGUAGE_STANDARD = "gnu++14";
				CLANG_CXX_LIBRARY = "libc++";
				CLANG_ENABLE_MODULES = YES;
				CLANG_ENABLE_OBJC_ARC = YES;
				CLANG_ENABLE_OBJC_WEAK = YES;
				CLANG_WARN_BLOCK_CAPTURE_AUTORELEASING = YES;
				CLANG_WARN_BOOL_CONVERSION = YES;
				CLANG_WARN_COMMA = YES;
				CLANG_WARN_CONSTANT_CONVERSION = YES;
				CLANG_WARN_DEPRECATED_OBJC_IMPLEMENTATIONS = YES;
				CLANG_WARN_DIRECT_OBJC_ISA_USAGE = YES_ERROR;
				CLANG_WARN_DOCUMENTATION_COMMENTS = YES;
				CLANG_WARN_EMPTY_BODY = YES;
				CLANG_WARN_ENUM_CONVERSION = YES;
				CLANG_WARN_INFINITE_RECURSION = YES;
				CLANG_WARN_INT_CONVERSION = YES;
				CLANG_WARN_NON_LITERAL_NULL_CONVERSION = YES;
				CLANG_WARN_OBJC_IMPLICIT_RETAIN_SELF = YES;
				CLANG_WARN_OBJC_LITERAL_CONVERSION = YES;
				CLANG_WARN_OBJC_ROOT_CLASS = YES_ERROR;
				CLANG_WARN_RANGE_LOOP_ANALYSIS = YES;
				CLANG_WARN_STRICT_PROTOTYPES = YES;
				CLANG_WARN_SUSPICIOUS_MOVE = YES;
				CLANG_WARN_UNGUARDED_AVAILABILITY = YES_AGGRESSIVE;
				CLANG_WARN_UNREACHABLE_CODE = YES;
				CLANG_WARN__DUPLICATE_METHOD_MATCH = YES;
				COPY_PHASE_STRIP = NO;
				DEBUG_INFORMATION_FORMAT = dwarf;
				ENABLE_STRICT_OBJC_MSGSEND = YES;
				ENABLE_TESTABILITY = YES;
				GCC_C_LANGUAGE_STANDARD = gnu11;
				GCC_DYNAMIC_NO_PIC = NO;
				GCC_NO_COMMON_BLOCKS = YES;
				GCC_OPTIMIZATION_LEVEL = 0;
				GCC_PREPROCESSOR_DEFINITIONS = (
					"DEBUG=1",
					"$(inherited)",
				);
				GCC_WARN_64_TO_32_BIT_CONVERSION = YES;
				GCC_WARN_ABOUT_RETURN_TYPE = YES_ERROR;
				GCC_WARN_UNDECLARED_SELECTOR = YES;
				GCC_WARN_UNINITIALIZED_AUTOS = YES_AGGRESSIVE;
				GCC_WARN_UNUSED_FUNCTION = YES;
				GCC_WARN_UNUSED_VARIABLE = YES;
				IPHONEOS_DEPLOYMENT_TARGET = 13.2;
				MTL_ENABLE_DEBUG_INFO = INCLUDE_SOURCE;
				MTL_FAST_MATH = YES;
				ONLY_ACTIVE_ARCH = YES;
				SDKROOT = iphoneos;
				SWIFT_ACTIVE_COMPILATION_CONDITIONS = DEBUG;
				SWIFT_OPTIMIZATION_LEVEL = "-Onone";
			};
			name = Debug;
		};
		2256D93C26280CB500D1932B /* Release */ = {
			isa = XCBuildConfiguration;
			buildSettings = {
				ALWAYS_SEARCH_USER_PATHS = NO;
				CLANG_ANALYZER_NONNULL = YES;
				CLANG_ANALYZER_NUMBER_OBJECT_CONVERSION = YES_AGGRESSIVE;
				CLANG_CXX_LANGUAGE_STANDARD = "gnu++14";
				CLANG_CXX_LIBRARY = "libc++";
				CLANG_ENABLE_MODULES = YES;
				CLANG_ENABLE_OBJC_ARC = YES;
				CLANG_ENABLE_OBJC_WEAK = YES;
				CLANG_WARN_BLOCK_CAPTURE_AUTORELEASING = YES;
				CLANG_WARN_BOOL_CONVERSION = YES;
				CLANG_WARN_COMMA = YES;
				CLANG_WARN_CONSTANT_CONVERSION = YES;
				CLANG_WARN_DEPRECATED_OBJC_IMPLEMENTATIONS = YES;
				CLANG_WARN_DIRECT_OBJC_ISA_USAGE = YES_ERROR;
				CLANG_WARN_DOCUMENTATION_COMMENTS = YES;
				CLANG_WARN_EMPTY_BODY = YES;
				CLANG_WARN_ENUM_CONVERSION = YES;
				CLANG_WARN_INFINITE_RECURSION = YES;
				CLANG_WARN_INT_CONVERSION = YES;
				CLANG_WARN_NON_LITERAL_NULL_CONVERSION = YES;
				CLANG_WARN_OBJC_IMPLICIT_RETAIN_SELF = YES;
				CLANG_WARN_OBJC_LITERAL_CONVERSION = YES;
				CLANG_WARN_OBJC_ROOT_CLASS = YES_ERROR;
				CLANG_WARN_RANGE_LOOP_ANALYSIS = YES;
				CLANG_WARN_STRICT_PROTOTYPES = YES;
				CLANG_WARN_SUSPICIOUS_MOVE = YES;
				CLANG_WARN_UNGUARDED_AVAILABILITY = YES_AGGRESSIVE;
				CLANG_WARN_UNREACHABLE_CODE = YES;
				CLANG_WARN__DUPLICATE_METHOD_MATCH = YES;
				COPY_PHASE_STRIP = NO;
				DEBUG_INFORMATION_FORMAT = "dwarf-with-dsym";
				ENABLE_NS_ASSERTIONS = NO;
				ENABLE_STRICT_OBJC_MSGSEND = YES;
				GCC_C_LANGUAGE_STANDARD = gnu11;
				GCC_NO_COMMON_BLOCKS = YES;
				GCC_WARN_64_TO_32_BIT_CONVERSION = YES;
				GCC_WARN_ABOUT_RETURN_TYPE = YES_ERROR;
				GCC_WARN_UNDECLARED_SELECTOR = YES;
				GCC_WARN_UNINITIALIZED_AUTOS = YES_AGGRESSIVE;
				GCC_WARN_UNUSED_FUNCTION = YES;
				GCC_WARN_UNUSED_VARIABLE = YES;
				IPHONEOS_DEPLOYMENT_TARGET = 13.2;
				MTL_ENABLE_DEBUG_INFO = NO;
				MTL_FAST_MATH = YES;
				SDKROOT = iphoneos;
				SWIFT_COMPILATION_MODE = wholemodule;
				SWIFT_OPTIMIZATION_LEVEL = "-O";
				VALIDATE_PRODUCT = YES;
			};
			name = Release;
		};
		2256D93E26280CB500D1932B /* Debug */ = {
			isa = XCBuildConfiguration;
			baseConfigurationReference = 03432071120ABCC5DCB37DAF /* Pods-FirebaseUserTest.debug.xcconfig */;
			buildSettings = {
				ASSETCATALOG_COMPILER_APPICON_NAME = AppIcon;
				CODE_SIGN_STYLE = Automatic;
				INFOPLIST_FILE = FirebaseUserTest/Info.plist;
				LD_RUNPATH_SEARCH_PATHS = (
					"$(inherited)",
					"@executable_path/Frameworks",
				);
				PRODUCT_BUNDLE_IDENTIFIER = Codeft.FirebaseUserTest;
				PRODUCT_NAME = "$(TARGET_NAME)";
				SWIFT_VERSION = 5.0;
				TARGETED_DEVICE_FAMILY = "1,2";
			};
			name = Debug;
		};
		2256D93F26280CB500D1932B /* Release */ = {
			isa = XCBuildConfiguration;
			baseConfigurationReference = 23321E992EF9E5CC1A635D00 /* Pods-FirebaseUserTest.release.xcconfig */;
			buildSettings = {
				ASSETCATALOG_COMPILER_APPICON_NAME = AppIcon;
				CODE_SIGN_STYLE = Automatic;
				INFOPLIST_FILE = FirebaseUserTest/Info.plist;
				LD_RUNPATH_SEARCH_PATHS = (
					"$(inherited)",
					"@executable_path/Frameworks",
				);
				PRODUCT_BUNDLE_IDENTIFIER = Codeft.FirebaseUserTest;
				PRODUCT_NAME = "$(TARGET_NAME)";
				SWIFT_VERSION = 5.0;
				TARGETED_DEVICE_FAMILY = "1,2";
			};
			name = Release;
		};
/* End XCBuildConfiguration section */

/* Begin XCConfigurationList section */
		2256D92426280CB000D1932B /* Build configuration list for PBXProject "FirebaseUserTest" */ = {
			isa = XCConfigurationList;
			buildConfigurations = (
				2256D93B26280CB500D1932B /* Debug */,
				2256D93C26280CB500D1932B /* Release */,
			);
			defaultConfigurationIsVisible = 0;
			defaultConfigurationName = Release;
		};
		2256D93D26280CB500D1932B /* Build configuration list for PBXNativeTarget "FirebaseUserTest" */ = {
			isa = XCConfigurationList;
			buildConfigurations = (
				2256D93E26280CB500D1932B /* Debug */,
				2256D93F26280CB500D1932B /* Release */,
			);
			defaultConfigurationIsVisible = 0;
			defaultConfigurationName = Release;
		};
/* End XCConfigurationList section */
	};
	rootObject = 2256D92126280CB000D1932B /* Project object */;
}
